// !$*UTF8*$!
{
	archiveVersion = 1;
	classes = {
	};
	objectVersion = 56;
	objects = {

/* Begin PBXBuildFile section */
		A23095472A94C9E500C75536 /* structUpload.swift in Sources */ = {isa = PBXBuildFile; fileRef = A23095462A94C9E500C75536 /* structUpload.swift */; };
		A24EAF0D2A8B6AEB00AC155B /* AppDelegate.swift in Sources */ = {isa = PBXBuildFile; fileRef = A24EAF0C2A8B6AEB00AC155B /* AppDelegate.swift */; };
		A24EAF0F2A8B6AEB00AC155B /* SceneDelegate.swift in Sources */ = {isa = PBXBuildFile; fileRef = A24EAF0E2A8B6AEB00AC155B /* SceneDelegate.swift */; };
		A24EAF112A8B6AEB00AC155B /* ViewController.swift in Sources */ = {isa = PBXBuildFile; fileRef = A24EAF102A8B6AEB00AC155B /* ViewController.swift */; };
		A24EAF142A8B6AEB00AC155B /* Main.storyboard in Resources */ = {isa = PBXBuildFile; fileRef = A24EAF122A8B6AEB00AC155B /* Main.storyboard */; };
		A24EAF162A8B6AEE00AC155B /* Assets.xcassets in Resources */ = {isa = PBXBuildFile; fileRef = A24EAF152A8B6AEE00AC155B /* Assets.xcassets */; };
		A24EAF192A8B6AEE00AC155B /* LaunchScreen.storyboard in Resources */ = {isa = PBXBuildFile; fileRef = A24EAF172A8B6AEE00AC155B /* LaunchScreen.storyboard */; };
		A24EAF212A8B73DC00AC155B /* struct.swift in Sources */ = {isa = PBXBuildFile; fileRef = A24EAF202A8B73DC00AC155B /* struct.swift */; };
		A24EAF232A8D2A7000AC155B /* ChenYuluoyan-Thin.ttf in Resources */ = {isa = PBXBuildFile; fileRef = A24EAF222A8D2A7000AC155B /* ChenYuluoyan-Thin.ttf */; };
		A24EAF252A8E157200AC155B /* drinksTableViewController.swift in Sources */ = {isa = PBXBuildFile; fileRef = A24EAF242A8E157200AC155B /* drinksTableViewController.swift */; };
		A24EAF282A8E2E5F00AC155B /* Kingfisher in Frameworks */ = {isa = PBXBuildFile; productRef = A24EAF272A8E2E5F00AC155B /* Kingfisher */; };
		A24EAF2A2A8E319B00AC155B /* drinksTableViewCell.swift in Sources */ = {isa = PBXBuildFile; fileRef = A24EAF292A8E319B00AC155B /* drinksTableViewCell.swift */; };
		A26E8C302A8F6A1C00AA086E /* crayon_1-1.ttf in Resources */ = {isa = PBXBuildFile; fileRef = A26E8C2F2A8F6A1C00AA086E /* crayon_1-1.ttf */; };
		A26E8C322A8F6F7100AA086E /* detailViewController.swift in Sources */ = {isa = PBXBuildFile; fileRef = A26E8C312A8F6F7100AA086E /* detailViewController.swift */; };
		A2E60C672A961196008235ED /* homePageViewController.swift in Sources */ = {isa = PBXBuildFile; fileRef = A2E60C662A961196008235ED /* homePageViewController.swift */; };
/* End PBXBuildFile section */

/* Begin PBXFileReference section */
		A23095462A94C9E500C75536 /* structUpload.swift */ = {isa = PBXFileReference; lastKnownFileType = sourcecode.swift; path = structUpload.swift; sourceTree = "<group>"; };
		A24EAF092A8B6AEB00AC155B /* 第三方API串接練習.app */ = {isa = PBXFileReference; explicitFileType = wrapper.application; includeInIndex = 0; path = "第三方API串接練習.app"; sourceTree = BUILT_PRODUCTS_DIR; };
		A24EAF0C2A8B6AEB00AC155B /* AppDelegate.swift */ = {isa = PBXFileReference; lastKnownFileType = sourcecode.swift; path = AppDelegate.swift; sourceTree = "<group>"; };
		A24EAF0E2A8B6AEB00AC155B /* SceneDelegate.swift */ = {isa = PBXFileReference; lastKnownFileType = sourcecode.swift; path = SceneDelegate.swift; sourceTree = "<group>"; };
		A24EAF102A8B6AEB00AC155B /* ViewController.swift */ = {isa = PBXFileReference; lastKnownFileType = sourcecode.swift; path = ViewController.swift; sourceTree = "<group>"; };
		A24EAF132A8B6AEB00AC155B /* Base */ = {isa = PBXFileReference; lastKnownFileType = file.storyboard; name = Base; path = Base.lproj/Main.storyboard; sourceTree = "<group>"; };
		A24EAF152A8B6AEE00AC155B /* Assets.xcassets */ = {isa = PBXFileReference; lastKnownFileType = folder.assetcatalog; path = Assets.xcassets; sourceTree = "<group>"; };
		A24EAF182A8B6AEE00AC155B /* Base */ = {isa = PBXFileReference; lastKnownFileType = file.storyboard; name = Base; path = Base.lproj/LaunchScreen.storyboard; sourceTree = "<group>"; };
		A24EAF1A2A8B6AEE00AC155B /* Info.plist */ = {isa = PBXFileReference; lastKnownFileType = text.plist.xml; path = Info.plist; sourceTree = "<group>"; };
		A24EAF202A8B73DC00AC155B /* struct.swift */ = {isa = PBXFileReference; lastKnownFileType = sourcecode.swift; path = struct.swift; sourceTree = "<group>"; };
		A24EAF222A8D2A7000AC155B /* ChenYuluoyan-Thin.ttf */ = {isa = PBXFileReference; lastKnownFileType = file; path = "ChenYuluoyan-Thin.ttf"; sourceTree = "<group>"; };
		A24EAF242A8E157200AC155B /* drinksTableViewController.swift */ = {isa = PBXFileReference; lastKnownFileType = sourcecode.swift; path = drinksTableViewController.swift; sourceTree = "<group>"; };
		A24EAF292A8E319B00AC155B /* drinksTableViewCell.swift */ = {isa = PBXFileReference; lastKnownFileType = sourcecode.swift; path = drinksTableViewCell.swift; sourceTree = "<group>"; };
		A26E8C2F2A8F6A1C00AA086E /* crayon_1-1.ttf */ = {isa = PBXFileReference; lastKnownFileType = file; path = "crayon_1-1.ttf"; sourceTree = "<group>"; };
		A26E8C312A8F6F7100AA086E /* detailViewController.swift */ = {isa = PBXFileReference; lastKnownFileType = sourcecode.swift; path = detailViewController.swift; sourceTree = "<group>"; };
		A2E60C662A961196008235ED /* homePageViewController.swift */ = {isa = PBXFileReference; lastKnownFileType = sourcecode.swift; path = homePageViewController.swift; sourceTree = "<group>"; };
/* End PBXFileReference section */

/* Begin PBXFrameworksBuildPhase section */
		A24EAF062A8B6AEB00AC155B /* Frameworks */ = {
			isa = PBXFrameworksBuildPhase;
			buildActionMask = 2147483647;
			files = (
				A24EAF282A8E2E5F00AC155B /* Kingfisher in Frameworks */,
			);
			runOnlyForDeploymentPostprocessing = 0;
		};
/* End PBXFrameworksBuildPhase section */

/* Begin PBXGroup section */
		A24EAF002A8B6AEB00AC155B = {
			isa = PBXGroup;
			children = (
				A24EAF0B2A8B6AEB00AC155B /* 第三方API串接練習 */,
				A24EAF0A2A8B6AEB00AC155B /* Products */,
			);
			sourceTree = "<group>";
		};
		A24EAF0A2A8B6AEB00AC155B /* Products */ = {
			isa = PBXGroup;
			children = (
				A24EAF092A8B6AEB00AC155B /* 第三方API串接練習.app */,
			);
			name = Products;
			sourceTree = "<group>";
		};
		A24EAF0B2A8B6AEB00AC155B /* 第三方API串接練習 */ = {
			isa = PBXGroup;
			children = (
				A24EAF0C2A8B6AEB00AC155B /* AppDelegate.swift */,
				A24EAF0E2A8B6AEB00AC155B /* SceneDelegate.swift */,
				A24EAF102A8B6AEB00AC155B /* ViewController.swift */,
				A2E60C662A961196008235ED /* homePageViewController.swift */,
				A24EAF242A8E157200AC155B /* drinksTableViewController.swift */,
				A24EAF292A8E319B00AC155B /* drinksTableViewCell.swift */,
				A26E8C312A8F6F7100AA086E /* detailViewController.swift */,
				A24EAF202A8B73DC00AC155B /* struct.swift */,
				A23095462A94C9E500C75536 /* structUpload.swift */,
				A24EAF122A8B6AEB00AC155B /* Main.storyboard */,
				A24EAF152A8B6AEE00AC155B /* Assets.xcassets */,
				A24EAF172A8B6AEE00AC155B /* LaunchScreen.storyboard */,
				A26E8C2F2A8F6A1C00AA086E /* crayon_1-1.ttf */,
				A24EAF1A2A8B6AEE00AC155B /* Info.plist */,
				A24EAF222A8D2A7000AC155B /* ChenYuluoyan-Thin.ttf */,
			);
			path = "第三方API串接練習";
			sourceTree = "<group>";
		};
/* End PBXGroup section */

/* Begin PBXNativeTarget section */
		A24EAF082A8B6AEB00AC155B /* 第三方API串接練習 */ = {
			isa = PBXNativeTarget;
			buildConfigurationList = A24EAF1D2A8B6AEE00AC155B /* Build configuration list for PBXNativeTarget "第三方API串接練習" */;
			buildPhases = (
				A24EAF052A8B6AEB00AC155B /* Sources */,
				A24EAF062A8B6AEB00AC155B /* Frameworks */,
				A24EAF072A8B6AEB00AC155B /* Resources */,
			);
			buildRules = (
			);
			dependencies = (
			);
			name = "第三方API串接練習";
			packageProductDependencies = (
				A24EAF272A8E2E5F00AC155B /* Kingfisher */,
			);
			productName = "第三方API串接練習";
			productReference = A24EAF092A8B6AEB00AC155B /* 第三方API串接練習.app */;
			productType = "com.apple.product-type.application";
		};
/* End PBXNativeTarget section */

/* Begin PBXProject section */
		A24EAF012A8B6AEB00AC155B /* Project object */ = {
			isa = PBXProject;
			attributes = {
				BuildIndependentTargetsInParallel = 1;
				LastSwiftUpdateCheck = 1500;
				LastUpgradeCheck = 1500;
				TargetAttributes = {
					A24EAF082A8B6AEB00AC155B = {
						CreatedOnToolsVersion = 15.0;
					};
				};
			};
			buildConfigurationList = A24EAF042A8B6AEB00AC155B /* Build configuration list for PBXProject "第三方API串接練習" */;
			compatibilityVersion = "Xcode 14.0";
			developmentRegion = en;
			hasScannedForEncodings = 0;
			knownRegions = (
				en,
				Base,
			);
			mainGroup = A24EAF002A8B6AEB00AC155B;
			packageReferences = (
				A24EAF262A8E2E5F00AC155B /* XCRemoteSwiftPackageReference "Kingfisher" */,
			);
			productRefGroup = A24EAF0A2A8B6AEB00AC155B /* Products */;
			projectDirPath = "";
			projectRoot = "";
			targets = (
				A24EAF082A8B6AEB00AC155B /* 第三方API串接練習 */,
			);
		};
/* End PBXProject section */

/* Begin PBXResourcesBuildPhase section */
		A24EAF072A8B6AEB00AC155B /* Resources */ = {
			isa = PBXResourcesBuildPhase;
			buildActionMask = 2147483647;
			files = (
				A26E8C302A8F6A1C00AA086E /* crayon_1-1.ttf in Resources */,
				A24EAF192A8B6AEE00AC155B /* LaunchScreen.storyboard in Resources */,
				A24EAF232A8D2A7000AC155B /* ChenYuluoyan-Thin.ttf in Resources */,
				A24EAF162A8B6AEE00AC155B /* Assets.xcassets in Resources */,
				A24EAF142A8B6AEB00AC155B /* Main.storyboard in Resources */,
			);
			runOnlyForDeploymentPostprocessing = 0;
		};
/* End PBXResourcesBuildPhase section */

/* Begin PBXSourcesBuildPhase section */
		A24EAF052A8B6AEB00AC155B /* Sources */ = {
			isa = PBXSourcesBuildPhase;
			buildActionMask = 2147483647;
			files = (
				A24EAF2A2A8E319B00AC155B /* drinksTableViewCell.swift in Sources */,
				A24EAF212A8B73DC00AC155B /* struct.swift in Sources */,
				A24EAF112A8B6AEB00AC155B /* ViewController.swift in Sources */,
				A2E60C672A961196008235ED /* homePageViewController.swift in Sources */,
				A24EAF0D2A8B6AEB00AC155B /* AppDelegate.swift in Sources */,
				A24EAF0F2A8B6AEB00AC155B /* SceneDelegate.swift in Sources */,
				A26E8C322A8F6F7100AA086E /* detailViewController.swift in Sources */,
				A24EAF252A8E157200AC155B /* drinksTableViewController.swift in Sources */,
				A23095472A94C9E500C75536 /* structUpload.swift in Sources */,
			);
			runOnlyForDeploymentPostprocessing = 0;
		};
/* End PBXSourcesBuildPhase section */

/* Begin PBXVariantGroup section */
		A24EAF122A8B6AEB00AC155B /* Main.storyboard */ = {
			isa = PBXVariantGroup;
			children = (
				A24EAF132A8B6AEB00AC155B /* Base */,
			);
			name = Main.storyboard;
			sourceTree = "<group>";
		};
		A24EAF172A8B6AEE00AC155B /* LaunchScreen.storyboard */ = {
			isa = PBXVariantGroup;
			children = (
				A24EAF182A8B6AEE00AC155B /* Base */,
			);
			name = LaunchScreen.storyboard;
			sourceTree = "<group>";
		};
/* End PBXVariantGroup section */

/* Begin XCBuildConfiguration section */
		A24EAF1B2A8B6AEE00AC155B /* Debug */ = {
			isa = XCBuildConfiguration;
			buildSettings = {
				ALWAYS_SEARCH_USER_PATHS = NO;
				ASSETCATALOG_COMPILER_GENERATE_SWIFT_ASSET_SYMBOL_EXTENSIONS = YES;
				CLANG_ANALYZER_NONNULL = YES;
				CLANG_ANALYZER_NUMBER_OBJECT_CONVERSION = YES_AGGRESSIVE;
				CLANG_CXX_LANGUAGE_STANDARD = "gnu++20";
				CLANG_ENABLE_MODULES = YES;
				CLANG_ENABLE_OBJC_ARC = YES;
				CLANG_ENABLE_OBJC_WEAK = YES;
				CLANG_WARN_BLOCK_CAPTURE_AUTORELEASING = YES;
				CLANG_WARN_BOOL_CONVERSION = YES;
				CLANG_WARN_COMMA = YES;
				CLANG_WARN_CONSTANT_CONVERSION = YES;
				CLANG_WARN_DEPRECATED_OBJC_IMPLEMENTATIONS = YES;
				CLANG_WARN_DIRECT_OBJC_ISA_USAGE = YES_ERROR;
				CLANG_WARN_DOCUMENTATION_COMMENTS = YES;
				CLANG_WARN_EMPTY_BODY = YES;
				CLANG_WARN_ENUM_CONVERSION = YES;
				CLANG_WARN_INFINITE_RECURSION = YES;
				CLANG_WARN_INT_CONVERSION = YES;
				CLANG_WARN_NON_LITERAL_NULL_CONVERSION = YES;
				CLANG_WARN_OBJC_IMPLICIT_RETAIN_SELF = YES;
				CLANG_WARN_OBJC_LITERAL_CONVERSION = YES;
				CLANG_WARN_OBJC_ROOT_CLASS = YES_ERROR;
				CLANG_WARN_QUOTED_INCLUDE_IN_FRAMEWORK_HEADER = YES;
				CLANG_WARN_RANGE_LOOP_ANALYSIS = YES;
				CLANG_WARN_STRICT_PROTOTYPES = YES;
				CLANG_WARN_SUSPICIOUS_MOVE = YES;
				CLANG_WARN_UNGUARDED_AVAILABILITY = YES_AGGRESSIVE;
				CLANG_WARN_UNREACHABLE_CODE = YES;
				CLANG_WARN__DUPLICATE_METHOD_MATCH = YES;
				COPY_PHASE_STRIP = NO;
				DEBUG_INFORMATION_FORMAT = dwarf;
				ENABLE_STRICT_OBJC_MSGSEND = YES;
				ENABLE_TESTABILITY = YES;
				ENABLE_USER_SCRIPT_SANDBOXING = YES;
				GCC_C_LANGUAGE_STANDARD = gnu17;
				GCC_DYNAMIC_NO_PIC = NO;
				GCC_NO_COMMON_BLOCKS = YES;
				GCC_OPTIMIZATION_LEVEL = 0;
				GCC_PREPROCESSOR_DEFINITIONS = (
					"DEBUG=1",
					"$(inherited)",
				);
				GCC_WARN_64_TO_32_BIT_CONVERSION = YES;
				GCC_WARN_ABOUT_RETURN_TYPE = YES_ERROR;
				GCC_WARN_UNDECLARED_SELECTOR = YES;
				GCC_WARN_UNINITIALIZED_AUTOS = YES_AGGRESSIVE;
				GCC_WARN_UNUSED_FUNCTION = YES;
				GCC_WARN_UNUSED_VARIABLE = YES;
				IPHONEOS_DEPLOYMENT_TARGET = 17.0;
				LOCALIZATION_PREFERS_STRING_CATALOGS = YES;
				MTL_ENABLE_DEBUG_INFO = INCLUDE_SOURCE;
				MTL_FAST_MATH = YES;
				ONLY_ACTIVE_ARCH = YES;
				SDKROOT = iphoneos;
				SWIFT_ACTIVE_COMPILATION_CONDITIONS = "DEBUG $(inherited)";
				SWIFT_OPTIMIZATION_LEVEL = "-Onone";
			};
			name = Debug;
		};
		A24EAF1C2A8B6AEE00AC155B /* Release */ = {
			isa = XCBuildConfiguration;
			buildSettings = {
				ALWAYS_SEARCH_USER_PATHS = NO;
				ASSETCATALOG_COMPILER_GENERATE_SWIFT_ASSET_SYMBOL_EXTENSIONS = YES;
				CLANG_ANALYZER_NONNULL = YES;
				CLANG_ANALYZER_NUMBER_OBJECT_CONVERSION = YES_AGGRESSIVE;
				CLANG_CXX_LANGUAGE_STANDARD = "gnu++20";
				CLANG_ENABLE_MODULES = YES;
				CLANG_ENABLE_OBJC_ARC = YES;
				CLANG_ENABLE_OBJC_WEAK = YES;
				CLANG_WARN_BLOCK_CAPTURE_AUTORELEASING = YES;
				CLANG_WARN_BOOL_CONVERSION = YES;
				CLANG_WARN_COMMA = YES;
				CLANG_WARN_CONSTANT_CONVERSION = YES;
				CLANG_WARN_DEPRECATED_OBJC_IMPLEMENTATIONS = YES;
				CLANG_WARN_DIRECT_OBJC_ISA_USAGE = YES_ERROR;
				CLANG_WARN_DOCUMENTATION_COMMENTS = YES;
				CLANG_WARN_EMPTY_BODY = YES;
				CLANG_WARN_ENUM_CONVERSION = YES;
				CLANG_WARN_INFINITE_RECURSION = YES;
				CLANG_WARN_INT_CONVERSION = YES;
				CLANG_WARN_NON_LITERAL_NULL_CONVERSION = YES;
				CLANG_WARN_OBJC_IMPLICIT_RETAIN_SELF = YES;
				CLANG_WARN_OBJC_LITERAL_CONVERSION = YES;
				CLANG_WARN_OBJC_ROOT_CLASS = YES_ERROR;
				CLANG_WARN_QUOTED_INCLUDE_IN_FRAMEWORK_HEADER = YES;
				CLANG_WARN_RANGE_LOOP_ANALYSIS = YES;
				CLANG_WARN_STRICT_PROTOTYPES = YES;
				CLANG_WARN_SUSPICIOUS_MOVE = YES;
				CLANG_WARN_UNGUARDED_AVAILABILITY = YES_AGGRESSIVE;
				CLANG_WARN_UNREACHABLE_CODE = YES;
				CLANG_WARN__DUPLICATE_METHOD_MATCH = YES;
				COPY_PHASE_STRIP = NO;
				DEBUG_INFORMATION_FORMAT = "dwarf-with-dsym";
				ENABLE_NS_ASSERTIONS = NO;
				ENABLE_STRICT_OBJC_MSGSEND = YES;
				ENABLE_USER_SCRIPT_SANDBOXING = YES;
				GCC_C_LANGUAGE_STANDARD = gnu17;
				GCC_NO_COMMON_BLOCKS = YES;
				GCC_WARN_64_TO_32_BIT_CONVERSION = YES;
				GCC_WARN_ABOUT_RETURN_TYPE = YES_ERROR;
				GCC_WARN_UNDECLARED_SELECTOR = YES;
				GCC_WARN_UNINITIALIZED_AUTOS = YES_AGGRESSIVE;
				GCC_WARN_UNUSED_FUNCTION = YES;
				GCC_WARN_UNUSED_VARIABLE = YES;
				IPHONEOS_DEPLOYMENT_TARGET = 17.0;
				LOCALIZATION_PREFERS_STRING_CATALOGS = YES;
				MTL_ENABLE_DEBUG_INFO = NO;
				MTL_FAST_MATH = YES;
				SDKROOT = iphoneos;
				SWIFT_COMPILATION_MODE = wholemodule;
				VALIDATE_PRODUCT = YES;
			};
			name = Release;
		};
		A24EAF1E2A8B6AEE00AC155B /* Debug */ = {
			isa = XCBuildConfiguration;
			buildSettings = {
				ASSETCATALOG_COMPILER_APPICON_NAME = AppIcon;
				ASSETCATALOG_COMPILER_GLOBAL_ACCENT_COLOR_NAME = AccentColor;
				CODE_SIGN_STYLE = Automatic;
				CURRENT_PROJECT_VERSION = 1;
				DEVELOPMENT_TEAM = M4YMY53R7K;
				GENERATE_INFOPLIST_FILE = YES;
				INFOPLIST_FILE = "第三方API串接練習/Info.plist";
				INFOPLIST_KEY_UIApplicationSupportsIndirectInputEvents = YES;
				INFOPLIST_KEY_UILaunchStoryboardName = LaunchScreen;
				INFOPLIST_KEY_UIMainStoryboardFile = Main;
				INFOPLIST_KEY_UISupportedInterfaceOrientations_iPad = "UIInterfaceOrientationPortrait UIInterfaceOrientationPortraitUpsideDown UIInterfaceOrientationLandscapeLeft UIInterfaceOrientationLandscapeRight";
				INFOPLIST_KEY_UISupportedInterfaceOrientations_iPhone = "UIInterfaceOrientationPortrait UIInterfaceOrientationLandscapeLeft UIInterfaceOrientationLandscapeRight";
				LD_RUNPATH_SEARCH_PATHS = (
					"$(inherited)",
					"@executable_path/Frameworks",
				);
				MARKETING_VERSION = 1.0;
				PRODUCT_BUNDLE_IDENTIFIER = "hydee.---API----";
				PRODUCT_NAME = "$(TARGET_NAME)";
				SWIFT_EMIT_LOC_STRINGS = YES;
				SWIFT_VERSION = 5.0;
				TARGETED_DEVICE_FAMILY = "1,2";
			};
			name = Debug;
		};
		A24EAF1F2A8B6AEE00AC155B /* Release */ = {
			isa = XCBuildConfiguration;
			buildSettings = {
				ASSETCATALOG_COMPILER_APPICON_NAME = AppIcon;
				ASSETCATALOG_COMPILER_GLOBAL_ACCENT_COLOR_NAME = AccentColor;
				CODE_SIGN_STYLE = Automatic;
				CURRENT_PROJECT_VERSION = 1;
				DEVELOPMENT_TEAM = M4YMY53R7K;
				GENERATE_INFOPLIST_FILE = YES;
				INFOPLIST_FILE = "第三方API串接練習/Info.plist";
				INFOPLIST_KEY_UIApplicationSupportsIndirectInputEvents = YES;
				INFOPLIST_KEY_UILaunchStoryboardName = LaunchScreen;
				INFOPLIST_KEY_UIMainStoryboardFile = Main;
				INFOPLIST_KEY_UISupportedInterfaceOrientations_iPad = "UIInterfaceOrientationPortrait UIInterfaceOrientationPortraitUpsideDown UIInterfaceOrientationLandscapeLeft UIInterfaceOrientationLandscapeRight";
				INFOPLIST_KEY_UISupportedInterfaceOrientations_iPhone = "UIInterfaceOrientationPortrait UIInterfaceOrientationLandscapeLeft UIInterfaceOrientationLandscapeRight";
				LD_RUNPATH_SEARCH_PATHS = (
					"$(inherited)",
					"@executable_path/Frameworks",
				);
				MARKETING_VERSION = 1.0;
				PRODUCT_BUNDLE_IDENTIFIER = "hydee.---API----";
				PRODUCT_NAME = "$(TARGET_NAME)";
				SWIFT_EMIT_LOC_STRINGS = YES;
				SWIFT_VERSION = 5.0;
				TARGETED_DEVICE_FAMILY = "1,2";
			};
			name = Release;
		};
/* End XCBuildConfiguration section */

/* Begin XCConfigurationList section */
		A24EAF042A8B6AEB00AC155B /* Build configuration list for PBXProject "第三方API串接練習" */ = {
			isa = XCConfigurationList;
			buildConfigurations = (
				A24EAF1B2A8B6AEE00AC155B /* Debug */,
				A24EAF1C2A8B6AEE00AC155B /* Release */,
			);
			defaultConfigurationIsVisible = 0;
			defaultConfigurationName = Release;
		};
		A24EAF1D2A8B6AEE00AC155B /* Build configuration list for PBXNativeTarget "第三方API串接練習" */ = {
			isa = XCConfigurationList;
			buildConfigurations = (
				A24EAF1E2A8B6AEE00AC155B /* Debug */,
				A24EAF1F2A8B6AEE00AC155B /* Release */,
			);
			defaultConfigurationIsVisible = 0;
			defaultConfigurationName = Release;
		};
/* End XCConfigurationList section */

/* Begin XCRemoteSwiftPackageReference section */
		A24EAF262A8E2E5F00AC155B /* XCRemoteSwiftPackageReference "Kingfisher" */ = {
			isa = XCRemoteSwiftPackageReference;
			repositoryURL = "https://github.com/onevcat/Kingfisher";
			requirement = {
				kind = upToNextMajorVersion;
				minimumVersion = 7.9.0;
			};
		};
/* End XCRemoteSwiftPackageReference section */

/* Begin XCSwiftPackageProductDependency section */
		A24EAF272A8E2E5F00AC155B /* Kingfisher */ = {
			isa = XCSwiftPackageProductDependency;
			package = A24EAF262A8E2E5F00AC155B /* XCRemoteSwiftPackageReference "Kingfisher" */;
			productName = Kingfisher;
		};
/* End XCSwiftPackageProductDependency section */
	};
	rootObject = A24EAF012A8B6AEB00AC155B /* Project object */;
}
